{
  "originHash" : "af749290b00f1a32bf7070ad2a783f316cefd50565ff8080cc7aa5aecc1a5006",
  "pins" : [
    {
      "identity" : "cryptoswift",
      "kind" : "remoteSourceControl",
      "location" : "https://github.com/krzyzanowskim/CryptoSwift.git",
      "state" : {
        "revision" : "f2a627b84c1ff96f21ac2fcb623ab36142dd5512",
        "version" : "1.10.0"
      }
    },
    {
      "identity" : "mkringprogressview",
      "kind" : "remoteSourceControl",
      "location" : "https://github.com/maxkonovalov/MKRingProgressView.git",
      "state" : {
        "branch" : "master",
        "revision" : "660888aab1d2ab0ed7eb9eb53caec12af4955fa7"
      }
    },
    {
      "identity" : "swiftcharts",
      "kind" : "remoteSourceControl",
      "location" : "https://github.com/ivanschuetz/SwiftCharts",
      "state" : {
        "branch" : "master",
        "revision" : "c354c1945bb35a1f01b665b22474f6db28cba4a2"
      }
    },
    {
      "identity" : "zipfoundation",
      "kind" : "remoteSourceControl",
      "location" : "https://github.com/LoopKit/ZIPFoundation.git",
      "state" : {
        "branch" : "stream-entry",
        "revision" : "ad465ee2545392153a64c0976d6e59227d0c1c70"
      }
    }
  ],
  "version" : 3
}
